# This file is automatically @generated by Cargo.
# It is not intended for manual editing.
version = 4

[[package]]
name = "asl-cli"
version = "0.1.0"
dependencies = [
 "asl-client",
]

[[package]]
name = "asl-client"
version = "0.1.0"
dependencies = [
 "asl-id",
 "asl-proto",
]

[[package]]
name = "asl-client-ffi"
version = "0.1.0"
dependencies = [
 "asl-client",
]

[[package]]
name = "asl-id"
version = "0.1.0"
source = "git+https://github.com/air-desktop-project/air-service-locator-server?rev=91f3119c91f633d9d61c19a2f3356b427c585526#91f3119c91f633d9d61c19a2f3356b427c585526"

[[package]]
name = "asl-proto"
version = "0.1.0"
source = "git+https://github.com/air-desktop-project/air-service-locator-server?rev=91f3119c91f633d9d61c19a2f3356b427c585526#91f3119c91f633d9d61c19a2f3356b427c585526"
