# This file is automatically @generated by Cargo.
# It is not intended for manual editing.
version = 4

[[package]]
name = "asl-cli"
version = "0.1.0"
dependencies = [
 "asl-client",
]

[[package]]
name = "asl-client"
version = "0.1.0"
dependencies = [
 "asl-id",
 "asl-proto",
]

[[package]]
name = "asl-client-ffi"
version = "0.1.0"
dependencies = [
 "asl-client",
]

[[package]]
name = "asl-id"
version = "0.1.0"
source = "git+https://github.com/air-desktop-project/air-service-locator-server?rev=e64294a95714a7678902476cd8f7a9e1a5e504a0#e64294a95714a7678902476cd8f7a9e1a5e504a0"

[[package]]
name = "asl-proto"
version = "0.1.0"
source = "git+https://github.com/air-desktop-project/air-service-locator-server?rev=e64294a95714a7678902476cd8f7a9e1a5e504a0#e64294a95714a7678902476cd8f7a9e1a5e504a0"
